{
  "version": 4,
  "terraform_version": "0.12.26",
  "serial": 18,
  "lineage": "fd6ce261-b128-1d26-adea-68d19f53da39",
  "outputs": {},
  "resources": [
    {
      "mode": "managed",
      "type": "aws_eip",
      "name": "elastic_ip",
      "provider": "provider.aws",
      "instances": [
        {
          "schema_version": 0,
          "attributes": {
            "allocation_id": null,
            "associate_with_private_ip": null,
            "association_id": "",
            "customer_owned_ip": "",
            "customer_owned_ipv4_pool": "",
            "domain": "vpc",
            "id": "eipalloc-0e07666e4f85029ca",
            "instance": "",
            "network_interface": "",
            "private_dns": null,
            "private_ip": "",
            "public_dns": "ec2-15-207-181-188.ap-south-1.compute.amazonaws.com",
            "public_ip": "15.207.181.188",
            "public_ipv4_pool": "amazon",
            "tags": null,
            "timeouts": null,
            "vpc": true
          },
          "private": "eyJlMmJmYjczMC1lY2FhLTExZTYtOGY4OC0zNDM2M2JjN2M0YzAiOnsiZGVsZXRlIjoxODAwMDAwMDAwMDAsInJlYWQiOjkwMDAwMDAwMDAwMCwidXBkYXRlIjozMDAwMDAwMDAwMDB9fQ=="
        }
      ]
    },
    {
      "mode": "managed",
      "type": "aws_instance",
      "name": "mysql",
      "provider": "provider.aws",
      "instances": [
        {
          "schema_version": 1,
          "attributes": {
            "ami": "ami-08706cb5f68222d09",
            "arn": "arn:aws:ec2:ap-south-1:731243664512:instance/i-04c393d402565be01",
            "associate_public_ip_address": false,
            "availability_zone": "ap-south-1b",
            "cpu_core_count": 1,
            "cpu_threads_per_core": 1,
            "credit_specification": [
              {
                "cpu_credits": "standard"
              }
            ],
            "disable_api_termination": false,
            "ebs_block_device": [],
            "ebs_optimized": false,
            "ephemeral_block_device": [],
            "get_password_data": false,
            "hibernation": false,
            "host_id": null,
            "iam_instance_profile": "",
            "id": "i-04c393d402565be01",
            "instance_initiated_shutdown_behavior": null,
            "instance_state": "running",
            "instance_type": "t2.micro",
            "ipv6_address_count": 0,
            "ipv6_addresses": [],
            "key_name": "keycloudclass",
            "metadata_options": [
              {
                "http_endpoint": "enabled",
                "http_put_response_hop_limit": 1,
                "http_tokens": "optional"
              }
            ],
            "monitoring": false,
            "network_interface": [],
            "outpost_arn": "",
            "password_data": "",
            "placement_group": "",
            "primary_network_interface_id": "eni-0e8db4fa20baf01ac",
            "private_dns": "ip-192-168-1-83.ap-south-1.compute.internal",
            "private_ip": "192.168.1.83",
            "public_dns": "",
            "public_ip": "",
            "root_block_device": [
              {
                "delete_on_termination": true,
                "device_name": "/dev/xvda",
                "encrypted": false,
                "iops": 100,
                "kms_key_id": "",
                "volume_id": "vol-087ce827c871a075c",
                "volume_size": 8,
                "volume_type": "gp2"
              }
            ],
            "secondary_private_ips": [],
            "security_groups": [
              "sg-023be7cdb34a09e8a"
            ],
            "source_dest_check": true,
            "subnet_id": "subnet-0717bb434a9b310d4",
            "tags": {
              "Name": "mysql_os"
            },
            "tenancy": "default",
            "timeouts": null,
            "user_data": null,
            "user_data_base64": null,
            "volume_tags": {},
            "vpc_security_group_ids": [
              "sg-023be7cdb34a09e8a"
            ]
          },
          "private": "eyJlMmJmYjczMC1lY2FhLTExZTYtOGY4OC0zNDM2M2JjN2M0YzAiOnsiY3JlYXRlIjo2MDAwMDAwMDAwMDAsImRlbGV0ZSI6MTIwMDAwMDAwMDAwMCwidXBkYXRlIjo2MDAwMDAwMDAwMDB9LCJzY2hlbWFfdmVyc2lvbiI6IjEifQ==",
          "dependencies": [
            "aws_security_group.mysql_sg",
            "aws_security_group.wordpress_sg",
            "aws_subnet.privatesubnet",
            "aws_vpc.vpc_task4"
          ]
        }
      ]
    },
    {
      "mode": "managed",
      "type": "aws_instance",
      "name": "wordpress",
      "provider": "provider.aws",
      "instances": [
        {
          "schema_version": 1,
          "attributes": {
            "ami": "ami-000cbce3e1b899ebd",
            "arn": "arn:aws:ec2:ap-south-1:731243664512:instance/i-04aae036743d78f8e",
            "associate_public_ip_address": true,
            "availability_zone": "ap-south-1a",
            "cpu_core_count": 1,
            "cpu_threads_per_core": 1,
            "credit_specification": [
              {
                "cpu_credits": "standard"
              }
            ],
            "disable_api_termination": false,
            "ebs_block_device": [],
            "ebs_optimized": false,
            "ephemeral_block_device": [],
            "get_password_data": false,
            "hibernation": false,
            "host_id": null,
            "iam_instance_profile": "",
            "id": "i-04aae036743d78f8e",
            "instance_initiated_shutdown_behavior": null,
            "instance_state": "running",
            "instance_type": "t2.micro",
            "ipv6_address_count": 0,
            "ipv6_addresses": [],
            "key_name": "keycloudclass",
            "metadata_options": [
              {
                "http_endpoint": "enabled",
                "http_put_response_hop_limit": 1,
                "http_tokens": "optional"
              }
            ],
            "monitoring": false,
            "network_interface": [],
            "outpost_arn": "",
            "password_data": "",
            "placement_group": "",
            "primary_network_interface_id": "eni-03384447be4835793",
            "private_dns": "ip-192-168-0-242.ap-south-1.compute.internal",
            "private_ip": "192.168.0.242",
            "public_dns": "ec2-13-233-27-52.ap-south-1.compute.amazonaws.com",
            "public_ip": "13.233.27.52",
            "root_block_device": [
              {
                "delete_on_termination": true,
                "device_name": "/dev/xvda",
                "encrypted": false,
                "iops": 100,
                "kms_key_id": "",
                "volume_id": "vol-049aff7b9ed3fe4c6",
                "volume_size": 10,
                "volume_type": "gp2"
              }
            ],
            "secondary_private_ips": [],
            "security_groups": [
              "sg-07aade3a046fd99ed"
            ],
            "source_dest_check": true,
            "subnet_id": "subnet-0bbb803917dd790c7",
            "tags": {
              "Name": "wp_os"
            },
            "tenancy": "default",
            "timeouts": null,
            "user_data": null,
            "user_data_base64": null,
            "volume_tags": {},
            "vpc_security_group_ids": [
              "sg-07aade3a046fd99ed"
            ]
          },
          "private": "eyJlMmJmYjczMC1lY2FhLTExZTYtOGY4OC0zNDM2M2JjN2M0YzAiOnsiY3JlYXRlIjo2MDAwMDAwMDAwMDAsImRlbGV0ZSI6MTIwMDAwMDAwMDAwMCwidXBkYXRlIjo2MDAwMDAwMDAwMDB9LCJzY2hlbWFfdmVyc2lvbiI6IjEifQ==",
          "dependencies": [
            "aws_security_group.wordpress_sg",
            "aws_subnet.publicsubnet",
            "aws_vpc.vpc_task4"
          ]
        }
      ]
    },
    {
      "mode": "managed",
      "type": "aws_internet_gateway",
      "name": "internetgateway",
      "provider": "provider.aws",
      "instances": [
        {
          "schema_version": 0,
          "attributes": {
            "arn": "arn:aws:ec2:ap-south-1:731243664512:internet-gateway/igw-0c04c6244f27323d8",
            "id": "igw-0c04c6244f27323d8",
            "owner_id": "731243664512",
            "tags": {
              "Name": "Internet_gateway"
            },
            "vpc_id": "vpc-00bd3682cf5faf05c"
          },
          "private": "bnVsbA==",
          "dependencies": [
            "aws_vpc.vpc_task4"
          ]
        }
      ]
    },
    {
      "mode": "managed",
      "type": "aws_nat_gateway",
      "name": "nat_gateway",
      "provider": "provider.aws",
      "instances": [
        {
          "schema_version": 0,
          "attributes": {
            "allocation_id": "eipalloc-0e07666e4f85029ca",
            "id": "nat-0f3df4f4bf5f1c6d7",
            "network_interface_id": "eni-0a1183fe43dc0347d",
            "private_ip": "192.168.0.101",
            "public_ip": "15.207.181.188",
            "subnet_id": "subnet-0bbb803917dd790c7",
            "tags": {
              "Name": "Natgateway"
            }
          },
          "private": "bnVsbA==",
          "dependencies": [
            "aws_eip.elastic_ip",
            "aws_subnet.publicsubnet",
            "aws_vpc.vpc_task4"
          ]
        }
      ]
    },
    {
      "mode": "managed",
      "type": "aws_route",
      "name": "route1",
      "provider": "provider.aws",
      "instances": [
        {
          "schema_version": 0,
          "attributes": {
            "destination_cidr_block": "0.0.0.0/0",
            "destination_ipv6_cidr_block": "",
            "destination_prefix_list_id": "",
            "egress_only_gateway_id": "",
            "gateway_id": "igw-0c04c6244f27323d8",
            "id": "r-rtb-0350ed9ae6e60e1c21080289494",
            "instance_id": "",
            "instance_owner_id": "",
            "nat_gateway_id": "",
            "network_interface_id": "",
            "origin": "CreateRoute",
            "route_table_id": "rtb-0350ed9ae6e60e1c2",
            "state": "active",
            "timeouts": null,
            "transit_gateway_id": "",
            "vpc_peering_connection_id": ""
          },
          "private": "eyJlMmJmYjczMC1lY2FhLTExZTYtOGY4OC0zNDM2M2JjN2M0YzAiOnsiY3JlYXRlIjoxMjAwMDAwMDAwMDAsImRlbGV0ZSI6MzAwMDAwMDAwMDAwfX0=",
          "dependencies": [
            "aws_internet_gateway.internetgateway",
            "aws_route_table.internet_gateway_route_table",
            "aws_vpc.vpc_task4"
          ]
        }
      ]
    },
    {
      "mode": "managed",
      "type": "aws_route",
      "name": "route2",
      "provider": "provider.aws",
      "instances": [
        {
          "schema_version": 0,
          "attributes": {
            "destination_cidr_block": "0.0.0.0/0",
            "destination_ipv6_cidr_block": "",
            "destination_prefix_list_id": "",
            "egress_only_gateway_id": "",
            "gateway_id": "",
            "id": "r-rtb-0350a03b7f51b572d1080289494",
            "instance_id": "",
            "instance_owner_id": "",
            "nat_gateway_id": "nat-0f3df4f4bf5f1c6d7",
            "network_interface_id": "",
            "origin": "CreateRoute",
            "route_table_id": "rtb-0350a03b7f51b572d",
            "state": "active",
            "timeouts": null,
            "transit_gateway_id": "",
            "vpc_peering_connection_id": ""
          },
          "private": "eyJlMmJmYjczMC1lY2FhLTExZTYtOGY4OC0zNDM2M2JjN2M0YzAiOnsiY3JlYXRlIjoxMjAwMDAwMDAwMDAsImRlbGV0ZSI6MzAwMDAwMDAwMDAwfX0=",
          "dependencies": [
            "aws_eip.elastic_ip",
            "aws_nat_gateway.nat_gateway",
            "aws_route_table.nat_gateway_route_table",
            "aws_subnet.publicsubnet",
            "aws_vpc.vpc_task4"
          ]
        }
      ]
    },
    {
      "mode": "managed",
      "type": "aws_route_table",
      "name": "internet_gateway_route_table",
      "provider": "provider.aws",
      "instances": [
        {
          "schema_version": 0,
          "attributes": {
            "id": "rtb-0350ed9ae6e60e1c2",
            "owner_id": "731243664512",
            "propagating_vgws": [],
            "route": [],
            "tags": {
              "Name": "internet_gateway_rt"
            },
            "vpc_id": "vpc-00bd3682cf5faf05c"
          },
          "private": "bnVsbA==",
          "dependencies": [
            "aws_vpc.vpc_task4"
          ]
        }
      ]
    },
    {
      "mode": "managed",
      "type": "aws_route_table",
      "name": "nat_gateway_route_table",
      "provider": "provider.aws",
      "instances": [
        {
          "schema_version": 0,
          "attributes": {
            "id": "rtb-0350a03b7f51b572d",
            "owner_id": "731243664512",
            "propagating_vgws": [],
            "route": [],
            "tags": {
              "Name": "nat_gateway_rt"
            },
            "vpc_id": "vpc-00bd3682cf5faf05c"
          },
          "private": "bnVsbA==",
          "dependencies": [
            "aws_vpc.vpc_task4"
          ]
        }
      ]
    },
    {
      "mode": "managed",
      "type": "aws_route_table_association",
      "name": "route_table_assoc1",
      "provider": "provider.aws",
      "instances": [
        {
          "schema_version": 0,
          "attributes": {
            "gateway_id": null,
            "id": "rtbassoc-0db99b221934760d9",
            "route_table_id": "rtb-0350ed9ae6e60e1c2",
            "subnet_id": "subnet-0bbb803917dd790c7"
          },
          "private": "bnVsbA==",
          "dependencies": [
            "aws_route_table.internet_gateway_route_table",
            "aws_subnet.publicsubnet",
            "aws_vpc.vpc_task4"
          ]
        }
      ]
    },
    {
      "mode": "managed",
      "type": "aws_route_table_association",
      "name": "route_table_assoc2",
      "provider": "provider.aws",
      "instances": [
        {
          "schema_version": 0,
          "attributes": {
            "gateway_id": null,
            "id": "rtbassoc-0b5c1fda99063ec71",
            "route_table_id": "rtb-0350a03b7f51b572d",
            "subnet_id": "subnet-0717bb434a9b310d4"
          },
          "private": "bnVsbA==",
          "dependencies": [
            "aws_route_table.nat_gateway_route_table",
            "aws_subnet.privatesubnet",
            "aws_vpc.vpc_task4"
          ]
        }
      ]
    },
    {
      "mode": "managed",
      "type": "aws_security_group",
      "name": "mysql_sg",
      "provider": "provider.aws",
      "instances": [
        {
          "schema_version": 1,
          "attributes": {
            "arn": "arn:aws:ec2:ap-south-1:731243664512:security-group/sg-023be7cdb34a09e8a",
            "description": "Allow MYSQL",
            "egress": [
              {
                "cidr_blocks": [
                  "0.0.0.0/0"
                ],
                "description": "",
                "from_port": 0,
                "ipv6_cidr_blocks": [],
                "prefix_list_ids": [],
                "protocol": "-1",
                "security_groups": [],
                "self": false,
                "to_port": 0
              }
            ],
            "id": "sg-023be7cdb34a09e8a",
            "ingress": [
              {
                "cidr_blocks": [],
                "description": "MYSQL/Aurora",
                "from_port": 0,
                "ipv6_cidr_blocks": [],
                "prefix_list_ids": [],
                "protocol": "tcp",
                "security_groups": [
                  "sg-07aade3a046fd99ed"
                ],
                "self": false,
                "to_port": 3306
              },
              {
                "cidr_blocks": [],
                "description": "ssh",
                "from_port": 22,
                "ipv6_cidr_blocks": [],
                "prefix_list_ids": [],
                "protocol": "tcp",
                "security_groups": [
                  "sg-07aade3a046fd99ed"
                ],
                "self": false,
                "to_port": 22
              }
            ],
            "name": "mysql",
            "name_prefix": "",
            "owner_id": "731243664512",
            "revoke_rules_on_delete": false,
            "tags": {
              "Name": "mysql"
            },
            "timeouts": null,
            "vpc_id": "vpc-00bd3682cf5faf05c"
          },
          "private": "eyJlMmJmYjczMC1lY2FhLTExZTYtOGY4OC0zNDM2M2JjN2M0YzAiOnsiY3JlYXRlIjo2MDAwMDAwMDAwMDAsImRlbGV0ZSI6NjAwMDAwMDAwMDAwfSwic2NoZW1hX3ZlcnNpb24iOiIxIn0=",
          "dependencies": [
            "aws_security_group.wordpress_sg",
            "aws_vpc.vpc_task4"
          ]
        }
      ]
    },
    {
      "mode": "managed",
      "type": "aws_security_group",
      "name": "wordpress_sg",
      "provider": "provider.aws",
      "instances": [
        {
          "schema_version": 1,
          "attributes": {
            "arn": "arn:aws:ec2:ap-south-1:731243664512:security-group/sg-07aade3a046fd99ed",
            "description": "allow ssh and http",
            "egress": [
              {
                "cidr_blocks": [
                  "0.0.0.0/0"
                ],
                "description": "",
                "from_port": 0,
                "ipv6_cidr_blocks": [],
                "prefix_list_ids": [],
                "protocol": "-1",
                "security_groups": [],
                "self": false,
                "to_port": 0
              }
            ],
            "id": "sg-07aade3a046fd99ed",
            "ingress": [
              {
                "cidr_blocks": [
                  "0.0.0.0/0"
                ],
                "description": "HTTP",
                "from_port": 80,
                "ipv6_cidr_blocks": [],
                "prefix_list_ids": [],
                "protocol": "tcp",
                "security_groups": [],
                "self": false,
                "to_port": 80
              },
              {
                "cidr_blocks": [
                  "0.0.0.0/0"
                ],
                "description": "SSH",
                "from_port": 22,
                "ipv6_cidr_blocks": [],
                "prefix_list_ids": [],
                "protocol": "tcp",
                "security_groups": [],
                "self": false,
                "to_port": 22
              }
            ],
            "name": "wordpress",
            "name_prefix": "",
            "owner_id": "731243664512",
            "revoke_rules_on_delete": false,
            "tags": {
              "Name": "wordpress"
            },
            "timeouts": null,
            "vpc_id": "vpc-00bd3682cf5faf05c"
          },
          "private": "eyJlMmJmYjczMC1lY2FhLTExZTYtOGY4OC0zNDM2M2JjN2M0YzAiOnsiY3JlYXRlIjo2MDAwMDAwMDAwMDAsImRlbGV0ZSI6NjAwMDAwMDAwMDAwfSwic2NoZW1hX3ZlcnNpb24iOiIxIn0=",
          "dependencies": [
            "aws_vpc.vpc_task4"
          ]
        }
      ]
    },
    {
      "mode": "managed",
      "type": "aws_subnet",
      "name": "privatesubnet",
      "provider": "provider.aws",
      "instances": [
        {
          "schema_version": 1,
          "attributes": {
            "arn": "arn:aws:ec2:ap-south-1:731243664512:subnet/subnet-0717bb434a9b310d4",
            "assign_ipv6_address_on_creation": false,
            "availability_zone": "ap-south-1b",
            "availability_zone_id": "aps1-az3",
            "cidr_block": "192.168.1.0/24",
            "id": "subnet-0717bb434a9b310d4",
            "ipv6_cidr_block": "",
            "ipv6_cidr_block_association_id": "",
            "map_public_ip_on_launch": false,
            "outpost_arn": "",
            "owner_id": "731243664512",
            "tags": {
              "Name": "private_subnet"
            },
            "timeouts": null,
            "vpc_id": "vpc-00bd3682cf5faf05c"
          },
          "private": "eyJlMmJmYjczMC1lY2FhLTExZTYtOGY4OC0zNDM2M2JjN2M0YzAiOnsiY3JlYXRlIjo2MDAwMDAwMDAwMDAsImRlbGV0ZSI6MTIwMDAwMDAwMDAwMH0sInNjaGVtYV92ZXJzaW9uIjoiMSJ9",
          "dependencies": [
            "aws_vpc.vpc_task4"
          ]
        }
      ]
    },
    {
      "mode": "managed",
      "type": "aws_subnet",
      "name": "publicsubnet",
      "provider": "provider.aws",
      "instances": [
        {
          "schema_version": 1,
          "attributes": {
            "arn": "arn:aws:ec2:ap-south-1:731243664512:subnet/subnet-0bbb803917dd790c7",
            "assign_ipv6_address_on_creation": false,
            "availability_zone": "ap-south-1a",
            "availability_zone_id": "aps1-az1",
            "cidr_block": "192.168.0.0/24",
            "id": "subnet-0bbb803917dd790c7",
            "ipv6_cidr_block": "",
            "ipv6_cidr_block_association_id": "",
            "map_public_ip_on_launch": true,
            "outpost_arn": "",
            "owner_id": "731243664512",
            "tags": {
              "Name": "public_subnet"
            },
            "timeouts": null,
            "vpc_id": "vpc-00bd3682cf5faf05c"
          },
          "private": "eyJlMmJmYjczMC1lY2FhLTExZTYtOGY4OC0zNDM2M2JjN2M0YzAiOnsiY3JlYXRlIjo2MDAwMDAwMDAwMDAsImRlbGV0ZSI6MTIwMDAwMDAwMDAwMH0sInNjaGVtYV92ZXJzaW9uIjoiMSJ9",
          "dependencies": [
            "aws_vpc.vpc_task4"
          ]
        }
      ]
    },
    {
      "mode": "managed",
      "type": "aws_vpc",
      "name": "vpc_task4",
      "provider": "provider.aws",
      "instances": [
        {
          "schema_version": 1,
          "attributes": {
            "arn": "arn:aws:ec2:ap-south-1:731243664512:vpc/vpc-00bd3682cf5faf05c",
            "assign_generated_ipv6_cidr_block": false,
            "cidr_block": "192.168.0.0/16",
            "default_network_acl_id": "acl-035e6d7a5b4636741",
            "default_route_table_id": "rtb-0d909f9b816057e67",
            "default_security_group_id": "sg-0a2a9f73a1963f5dc",
            "dhcp_options_id": "dopt-73699118",
            "enable_classiclink": null,
            "enable_classiclink_dns_support": null,
            "enable_dns_hostnames": true,
            "enable_dns_support": true,
            "id": "vpc-00bd3682cf5faf05c",
            "instance_tenancy": "default",
            "ipv6_association_id": "",
            "ipv6_cidr_block": "",
            "main_route_table_id": "rtb-0d909f9b816057e67",
            "owner_id": "731243664512",
            "tags": {
              "Name": "vpc_task"
            }
          },
          "private": "eyJzY2hlbWFfdmVyc2lvbiI6IjEifQ=="
        }
      ]
    },
    {
      "mode": "managed",
      "type": "tls_private_key",
      "name": "task3_key",
      "provider": "provider.tls",
      "instances": [
        {
          "schema_version": 0,
          "attributes": {
            "algorithm": "RSA",
            "ecdsa_curve": "P224",
            "id": "73dd5ca20aeba16f6f4f5d5b04b8f04886d76528",
            "private_key_pem": "-----BEGIN RSA PRIVATE KEY-----\nMIIEpQIBAAKCAQEAy14f6F976Mrvb1LGwF/2BJsOz6EXLlXEoOi7HKzYJ2R9+bqc\nxrQwRhmyvF2zJLU5H2saVy5c6q+en96ONpcgZWkYnWFWU6SsE4Ty5DU1yAMk5Y0A\ndggOiNnu4jia42S3wM1WACQqR0O9syheWFeMHpDIV7TMyAWm/Xoh+5TpzmDMJQHc\n78u1XFe5DSYhv4pRXPAFeCeaKQNDrPoAsNGddt7UzXa9Gs7dlwyvbcy1XClfhqoE\n8b+34+lptKxjDOwAnp73E5OCpcBs2v6H0iVBvATn8bLFV+YQYOHVTOjWzw+PZErd\ngV2lp9GdwA5ntcBk3GxSPUwrzpTi9WMJAJqXGwIDAQABAoIBAQCuYBy34PecGjXH\nnJBy71VBibrfaV85Ca250xRtd/83d8FU2iAHeQVTdkF9plIvDXzXZbyGOGjPippW\ntjv2rwrGKaFDgOzGd5JcgkjKSJ2+zINcmNRmYG4mBcgBDUwx4nB0zxwIrvnZdUo5\nTknnMdohcz91hL96Wu5etdRhpcP8ghcuMIPTT7u7IQjj2YlAx8Dlt3SFxKI5dY4M\nwLuqwJNxRZi1T9TfkD+er3w1kDtngpT2ubBaWGzWBZxVfOghaVWiUFstx3lAQByr\nE3JNFn2L2t23DrbTthzhv+K52YjRmSCinfvm1/ndJ14DzODQkuNPCUTwRsyJPPXE\nyXOzGUCRAoGBAPNeL0of9WNlc94m8YGIji5I2mi/6tshmWtCfKsz69Cblsogu6O/\n00mAyJDJymQuPH5KpHdFndOmconCt6O94JPMU41KtSZGXA9ygttsOXyD7gM0Pjt7\nqbuPSSSqPnOpvVxQXhNEqjuntcUGh/o7g0Slruh6SImEflibtfG4lYZHAoGBANXs\nbR6Byrd81OmXe2gNJCoWY1JBsbCPTzTI7LC0EL/9+0nLK1JuaXk2qStBSUMohbqN\nEqHfOZgA/ZxoQF0YwLwsXm5I9hdPbpVkQUOGU4SN/3hoOeq/cuVqY6tQzKbdZ+kh\nucquBxRws1WwnDW/B8edr44ShUGw+Z3ZgIQq+k6NAoGAdGbOE5QpmHsD6nOR+7TG\n3Jh37rYsrNbrPIQ2gOR6m/JvMwpo9S9g7b0tMSNzLGt4/6bP90RS8tKf4ghCMY02\nBzspk2DyN/ZbPgA1WqHu9QFdLCcmxOinDFDCWUkcSdIcAjVmaazkB1h19mDjVOp2\nJLVibUtfunamv9bqNU1mJy0CgYEArSXJCHk7UBqc5ljyzLxeOiaWy3xayzKjhHDg\niwGj0RJMs2TbssOlYTPp5xXXq6D/5IfMvfJE1pButYr4FaI0Vdp/sDoj3agwNIDK\nBlKSBOc+EQIjZqsA30mmVIJ4stLgCSWAENmc52F09fWV6jatoFc0QgUhkJMi5y2l\nxNRYdv0CgYEAj0tlAXgG07G2Z7nmdFqn23jn10FUe9lioR94iViQqcHA+jJWgnd/\ntqci49C94cFC9S+zNf5FU0wB8fii1+iQtF+6Z3d52/AeWYRmCxLpejny5acDkXsJ\nZf+QJ0UKWhcPQhX1HvuOYBZPS47HQZ6GxHDYfLygLV+L6iwjJ+odah0=\n-----END RSA PRIVATE KEY-----\n",
            "public_key_fingerprint_md5": "7c:0c:20:a5:c2:4e:95:b6:b0:b3:d7:95:21:ef:28:0c",
            "public_key_openssh": "ssh-rsa AAAAB3NzaC1yc2EAAAADAQABAAABAQDLXh/oX3voyu9vUsbAX/YEmw7PoRcuVcSg6LscrNgnZH35upzGtDBGGbK8XbMktTkfaxpXLlzqr56f3o42lyBlaRidYVZTpKwThPLkNTXIAyTljQB2CA6I2e7iOJrjZLfAzVYAJCpHQ72zKF5YV4wekMhXtMzIBab9eiH7lOnOYMwlAdzvy7VcV7kNJiG/ilFc8AV4J5opA0Os+gCw0Z123tTNdr0azt2XDK9tzLVcKV+GqgTxv7fj6Wm0rGMM7ACenvcTk4KlwGza/ofSJUG8BOfxssVX5hBg4dVM6NbPD49kSt2BXaWn0Z3ADme1wGTcbFI9TCvOlOL1YwkAmpcb\n",
            "public_key_pem": "-----BEGIN PUBLIC KEY-----\nMIIBIjANBgkqhkiG9w0BAQEFAAOCAQ8AMIIBCgKCAQEAy14f6F976Mrvb1LGwF/2\nBJsOz6EXLlXEoOi7HKzYJ2R9+bqcxrQwRhmyvF2zJLU5H2saVy5c6q+en96ONpcg\nZWkYnWFWU6SsE4Ty5DU1yAMk5Y0AdggOiNnu4jia42S3wM1WACQqR0O9syheWFeM\nHpDIV7TMyAWm/Xoh+5TpzmDMJQHc78u1XFe5DSYhv4pRXPAFeCeaKQNDrPoAsNGd\ndt7UzXa9Gs7dlwyvbcy1XClfhqoE8b+34+lptKxjDOwAnp73E5OCpcBs2v6H0iVB\nvATn8bLFV+YQYOHVTOjWzw+PZErdgV2lp9GdwA5ntcBk3GxSPUwrzpTi9WMJAJqX\nGwIDAQAB\n-----END PUBLIC KEY-----\n",
            "rsa_bits": 2048
          },
          "private": "bnVsbA=="
        }
      ]
    }
  ]
}
